
Microsoft Visual Studio Solution File, Format Version 12.00
# Visual Studio Version 16
VisualStudioVersion = 16.0.28516.95
MinimumVisualStudioVersion = 15.0.26124.0
Project("{9A19103F-16F7-4668-BE54-9A1E7A4F7556}") = "GraphqlDemo.API", "GraphqlAPI\GraphqlDemo.API.csproj", "{C3082634-F0DC-4E75-B384-F7FB49B613B7}"
EndProject
Global
	GlobalSection(SolutionConfigurationPlatforms) = preSolution
		Debug|Any CPU = Debug|Any CPU
		Debug|x64 = Debug|x64
		Debug|x86 = Debug|x86
		Release|Any CPU = Release|Any CPU
		Release|x64 = Release|x64
		Release|x86 = Release|x86
	EndGlobalSection
	GlobalSection(ProjectConfigurationPlatforms) = postSolution
		{C3082634-F0DC-4E75-B384-F7FB49B613B7}.Debug|Any CPU.ActiveCfg = Debug|Any CPU
		{C3082634-F0DC-4E75-B384-F7FB49B613B7}.Debug|Any CPU.Build.0 = Debug|Any CPU
		{C3082634-F0DC-4E75-B384-F7FB49B613B7}.Debug|x64.ActiveCfg = Debug|Any CPU
		{C3082634-F0DC-4E75-B384-F7FB49B613B7}.Debug|x64.Build.0 = Debug|Any CPU
		{C3082634-F0DC-4E75-B384-F7FB49B613B7}.Debug|x86.ActiveCfg = Debug|Any CPU
		{C3082634-F0DC-4E75-B384-F7FB49B613B7}.Debug|x86.Build.0 = Debug|Any CPU
		{C3082634-F0DC-4E75-B384-F7FB49B613B7}.Release|Any CPU.ActiveCfg = Release|Any CPU
		{C3082634-F0DC-4E75-B384-F7FB49B613B7}.Release|Any CPU.Build.0 = Release|Any CPU
		{C3082634-F0DC-4E75-B384-F7FB49B613B7}.Release|x64.ActiveCfg = Release|Any CPU
		{C3082634-F0DC-4E75-B384-F7FB49B613B7}.Release|x64.Build.0 = Release|Any CPU
		{C3082634-F0DC-4E75-B384-F7FB49B613B7}.Release|x86.ActiveCfg = Release|Any CPU
		{C3082634-F0DC-4E75-B384-F7FB49B613B7}.Release|x86.Build.0 = Release|Any CPU
	EndGlobalSection
	GlobalSection(SolutionProperties) = preSolution
		HideSolutionNode = FALSE
	EndGlobalSection
	GlobalSection(ExtensibilityGlobals) = postSolution
		SolutionGuid = {A233FFF5-102F-4FCA-B9CA-CF6A9665A2E1}
	EndGlobalSection
EndGlobal
